// !$*UTF8*$!
{
	archiveVersion = 1;
	classes = {
	};
	objectVersion = 46;
	objects = {

/* Begin PBXBuildFile section */
		4605EE901805033C00CF71BA /* Foundation.framework in Frameworks */ = {isa = PBXBuildFile; fileRef = 4605EE8F1805033C00CF71BA /* Foundation.framework */; };
		4605EE921805033C00CF71BA /* CoreGraphics.framework in Frameworks */ = {isa = PBXBuildFile; fileRef = 4605EE911805033C00CF71BA /* CoreGraphics.framework */; };
		4605EE941805033C00CF71BA /* UIKit.framework in Frameworks */ = {isa = PBXBuildFile; fileRef = 4605EE931805033C00CF71BA /* UIKit.framework */; };
		4605EE9A1805033C00CF71BA /* InfoPlist.strings in Resources */ = {isa = PBXBuildFile; fileRef = 4605EE981805033C00CF71BA /* InfoPlist.strings */; };
		4605EE9C1805033C00CF71BA /* main.m in Sources */ = {isa = PBXBuildFile; fileRef = 4605EE9B1805033C00CF71BA /* main.m */; };
		4605EEA01805033C00CF71BA /* AppDelegate.m in Sources */ = {isa = PBXBuildFile; fileRef = 4605EE9F1805033C00CF71BA /* AppDelegate.m */; };
		4605EEA21805033C00CF71BA /* Images.xcassets in Resources */ = {isa = PBXBuildFile; fileRef = 4605EEA11805033C00CF71BA /* Images.xcassets */; };
		4605EEA91805033C00CF71BA /* XCTest.framework in Frameworks */ = {isa = PBXBuildFile; fileRef = 4605EEA81805033C00CF71BA /* XCTest.framework */; };
		4605EEAA1805033C00CF71BA /* Foundation.framework in Frameworks */ = {isa = PBXBuildFile; fileRef = 4605EE8F1805033C00CF71BA /* Foundation.framework */; };
		4605EEAB1805033C00CF71BA /* UIKit.framework in Frameworks */ = {isa = PBXBuildFile; fileRef = 4605EE931805033C00CF71BA /* UIKit.framework */; };
		4605EEB31805033C00CF71BA /* InfoPlist.strings in Resources */ = {isa = PBXBuildFile; fileRef = 4605EEB11805033C00CF71BA /* InfoPlist.strings */; };
		4605EEB51805033C00CF71BA /* blockTestTests.m in Sources */ = {isa = PBXBuildFile; fileRef = 4605EEB41805033C00CF71BA /* blockTestTests.m */; };
/* End PBXBuildFile section */

/* Begin PBXContainerItemProxy section */
		4605EEAC1805033C00CF71BA /* PBXContainerItemProxy */ = {
			isa = PBXContainerItemProxy;
			containerPortal = 4605EE841805033C00CF71BA /* Project object */;
			proxyType = 1;
			remoteGlobalIDString = 4605EE8B1805033C00CF71BA;
			remoteInfo = blockTest;
		};
/* End PBXContainerItemProxy section */

/* Begin PBXFileReference section */
		4605EE8C1805033C00CF71BA /* blockTest.app */ = {isa = PBXFileReference; explicitFileType = wrapper.application; includeInIndex = 0; path = blockTest.app; sourceTree = BUILT_PRODUCTS_DIR; };
		4605EE8F1805033C00CF71BA /* Foundation.framework */ = {isa = PBXFileReference; lastKnownFileType = wrapper.framework; name = Foundation.framework; path = System/Library/Frameworks/Foundation.framework; sourceTree = SDKROOT; };
		4605EE911805033C00CF71BA /* CoreGraphics.framework */ = {isa = PBXFileReference; lastKnownFileType = wrapper.framework; name = CoreGraphics.framework; path = System/Library/Frameworks/CoreGraphics.framework; sourceTree = SDKROOT; };
		4605EE931805033C00CF71BA /* UIKit.framework */ = {isa = PBXFileReference; lastKnownFileType = wrapper.framework; name = UIKit.framework; path = System/Library/Frameworks/UIKit.framework; sourceTree = SDKROOT; };
		4605EE971805033C00CF71BA /* blockTest-Info.plist */ = {isa = PBXFileReference; lastKnownFileType = text.plist.xml; path = "blockTest-Info.plist"; sourceTree = "<group>"; };
		4605EE991805033C00CF71BA /* en */ = {isa = PBXFileReference; lastKnownFileType = text.plist.strings; name = en; path = en.lproj/InfoPlist.strings; sourceTree = "<group>"; };
		4605EE9B1805033C00CF71BA /* main.m */ = {isa = PBXFileReference; lastKnownFileType = sourcecode.c.objc; path = main.m; sourceTree = "<group>"; };
		4605EE9D1805033C00CF71BA /* blockTest-Prefix.pch */ = {isa = PBXFileReference; lastKnownFileType = sourcecode.c.h; path = "blockTest-Prefix.pch"; sourceTree = "<group>"; };
		4605EE9E1805033C00CF71BA /* AppDelegate.h */ = {isa = PBXFileReference; lastKnownFileType = sourcecode.c.h; path = AppDelegate.h; sourceTree = "<group>"; };
		4605EE9F1805033C00CF71BA /* AppDelegate.m */ = {isa = PBXFileReference; lastKnownFileType = sourcecode.c.objc; path = AppDelegate.m; sourceTree = "<group>"; };
		4605EEA11805033C00CF71BA /* Images.xcassets */ = {isa = PBXFileReference; lastKnownFileType = folder.assetcatalog; path = Images.xcassets; sourceTree = "<group>"; };
		4605EEA71805033C00CF71BA /* blockTestTests.xctest */ = {isa = PBXFileReference; explicitFileType = wrapper.cfbundle; includeInIndex = 0; path = blockTestTests.xctest; sourceTree = BUILT_PRODUCTS_DIR; };
		4605EEA81805033C00CF71BA /* XCTest.framework */ = {isa = PBXFileReference; lastKnownFileType = wrapper.framework; name = XCTest.framework; path = Library/Frameworks/XCTest.framework; sourceTree = DEVELOPER_DIR; };
		4605EEB01805033C00CF71BA /* blockTestTests-Info.plist */ = {isa = PBXFileReference; lastKnownFileType = text.plist.xml; path = "blockTestTests-Info.plist"; sourceTree = "<group>"; };
		4605EEB21805033C00CF71BA /* en */ = {isa = PBXFileReference; lastKnownFileType = text.plist.strings; name = en; path = en.lproj/InfoPlist.strings; sourceTree = "<group>"; };
		4605EEB41805033C00CF71BA /* blockTestTests.m */ = {isa = PBXFileReference; lastKnownFileType = sourcecode.c.objc; path = blockTestTests.m; sourceTree = "<group>"; };
/* End PBXFileReference section */

/* Begin PBXFrameworksBuildPhase section */
		4605EE891805033C00CF71BA /* Frameworks */ = {
			isa = PBXFrameworksBuildPhase;
			buildActionMask = 2147483647;
			files = (
				4605EE921805033C00CF71BA /* CoreGraphics.framework in Frameworks */,
				4605EE941805033C00CF71BA /* UIKit.framework in Frameworks */,
				4605EE901805033C00CF71BA /* Foundation.framework in Frameworks */,
			);
			runOnlyForDeploymentPostprocessing = 0;
		};
		4605EEA41805033C00CF71BA /* Frameworks */ = {
			isa = PBXFrameworksBuildPhase;
			buildActionMask = 2147483647;
			files = (
				4605EEA91805033C00CF71BA /* XCTest.framework in Frameworks */,
				4605EEAB1805033C00CF71BA /* UIKit.framework in Frameworks */,
				4605EEAA1805033C00CF71BA /* Foundation.framework in Frameworks */,
			);
			runOnlyForDeploymentPostprocessing = 0;
		};
/* End PBXFrameworksBuildPhase section */

/* Begin PBXGroup section */
		4605EE831805033C00CF71BA = {
			isa = PBXGroup;
			children = (
				4605EE951805033C00CF71BA /* blockTest */,
				4605EEAE1805033C00CF71BA /* blockTestTests */,
				4605EE8E1805033C00CF71BA /* Frameworks */,
				4605EE8D1805033C00CF71BA /* Products */,
			);
			sourceTree = "<group>";
		};
		4605EE8D1805033C00CF71BA /* Products */ = {
			isa = PBXGroup;
			children = (
				4605EE8C1805033C00CF71BA /* blockTest.app */,
				4605EEA71805033C00CF71BA /* blockTestTests.xctest */,
			);
			name = Products;
			sourceTree = "<group>";
		};
		4605EE8E1805033C00CF71BA /* Frameworks */ = {
			isa = PBXGroup;
			children = (
				4605EE8F1805033C00CF71BA /* Foundation.framework */,
				4605EE911805033C00CF71BA /* CoreGraphics.framework */,
				4605EE931805033C00CF71BA /* UIKit.framework */,
				4605EEA81805033C00CF71BA /* XCTest.framework */,
			);
			name = Frameworks;
			sourceTree = "<group>";
		};
		4605EE951805033C00CF71BA /* blockTest */ = {
			isa = PBXGroup;
			children = (
				4605EE9E1805033C00CF71BA /* AppDelegate.h */,
				4605EE9F1805033C00CF71BA /* AppDelegate.m */,
				4605EEA11805033C00CF71BA /* Images.xcassets */,
				4605EE961805033C00CF71BA /* Supporting Files */,
			);
			path = blockTest;
			sourceTree = "<group>";
		};
		4605EE961805033C00CF71BA /* Supporting Files */ = {
			isa = PBXGroup;
			children = (
				4605EE971805033C00CF71BA /* blockTest-Info.plist */,
				4605EE981805033C00CF71BA /* InfoPlist.strings */,
				4605EE9B1805033C00CF71BA /* main.m */,
				4605EE9D1805033C00CF71BA /* blockTest-Prefix.pch */,
			);
			name = "Supporting Files";
			sourceTree = "<group>";
		};
		4605EEAE1805033C00CF71BA /* blockTestTests */ = {
			isa = PBXGroup;
			children = (
				4605EEB41805033C00CF71BA /* blockTestTests.m */,
				4605EEAF1805033C00CF71BA /* Supporting Files */,
			);
			path = blockTestTests;
			sourceTree = "<group>";
		};
		4605EEAF1805033C00CF71BA /* Supporting Files */ = {
			isa = PBXGroup;
			children = (
				4605EEB01805033C00CF71BA /* blockTestTests-Info.plist */,
				4605EEB11805033C00CF71BA /* InfoPlist.strings */,
			);
			name = "Supporting Files";
			sourceTree = "<group>";
		};
/* End PBXGroup section */

/* Begin PBXNativeTarget section */
		4605EE8B1805033C00CF71BA /* blockTest */ = {
			isa = PBXNativeTarget;
			buildConfigurationList = 4605EEB81805033C00CF71BA /* Build configuration list for PBXNativeTarget "blockTest" */;
			buildPhases = (
				4605EE881805033C00CF71BA /* Sources */,
				4605EE891805033C00CF71BA /* Frameworks */,
				4605EE8A1805033C00CF71BA /* Resources */,
			);
			buildRules = (
			);
			dependencies = (
			);
			name = blockTest;
			productName = blockTest;
			productReference = 4605EE8C1805033C00CF71BA /* blockTest.app */;
			productType = "com.apple.product-type.application";
		};
		4605EEA61805033C00CF71BA /* blockTestTests */ = {
			isa = PBXNativeTarget;
			buildConfigurationList = 4605EEBB1805033C00CF71BA /* Build configuration list for PBXNativeTarget "blockTestTests" */;
			buildPhases = (
				4605EEA31805033C00CF71BA /* Sources */,
				4605EEA41805033C00CF71BA /* Frameworks */,
				4605EEA51805033C00CF71BA /* Resources */,
			);
			buildRules = (
			);
			dependencies = (
				4605EEAD1805033C00CF71BA /* PBXTargetDependency */,
			);
			name = blockTestTests;
			productName = blockTestTests;
			productReference = 4605EEA71805033C00CF71BA /* blockTestTests.xctest */;
			productType = "com.apple.product-type.bundle.unit-test";
		};
/* End PBXNativeTarget section */

/* Begin PBXProject section */
		4605EE841805033C00CF71BA /* Project object */ = {
			isa = PBXProject;
			attributes = {
				LastUpgradeCheck = 0500;
				ORGANIZATIONNAME = xiaohujin;
				TargetAttributes = {
					4605EEA61805033C00CF71BA = {
						TestTargetID = 4605EE8B1805033C00CF71BA;
					};
				};
			};
			buildConfigurationList = 4605EE871805033C00CF71BA /* Build configuration list for PBXProject "blockTest" */;
			compatibilityVersion = "Xcode 3.2";
			developmentRegion = English;
			hasScannedForEncodings = 0;
			knownRegions = (
				en,
			);
			mainGroup = 4605EE831805033C00CF71BA;
			productRefGroup = 4605EE8D1805033C00CF71BA /* Products */;
			projectDirPath = "";
			projectRoot = "";
			targets = (
				4605EE8B1805033C00CF71BA /* blockTest */,
				4605EEA61805033C00CF71BA /* blockTestTests */,
			);
		};
/* End PBXProject section */

/* Begin PBXResourcesBuildPhase section */
		4605EE8A1805033C00CF71BA /* Resources */ = {
			isa = PBXResourcesBuildPhase;
			buildActionMask = 2147483647;
			files = (
				4605EE9A1805033C00CF71BA /* InfoPlist.strings in Resources */,
				4605EEA21805033C00CF71BA /* Images.xcassets in Resources */,
			);
			runOnlyForDeploymentPostprocessing = 0;
		};
		4605EEA51805033C00CF71BA /* Resources */ = {
			isa = PBXResourcesBuildPhase;
			buildActionMask = 2147483647;
			files = (
				4605EEB31805033C00CF71BA /* InfoPlist.strings in Resources */,
			);
			runOnlyForDeploymentPostprocessing = 0;
		};
/* End PBXResourcesBuildPhase section */

/* Begin PBXSourcesBuildPhase section */
		4605EE881805033C00CF71BA /* Sources */ = {
			isa = PBXSourcesBuildPhase;
			buildActionMask = 2147483647;
			files = (
				4605EEA01805033C00CF71BA /* AppDelegate.m in Sources */,
				4605EE9C1805033C00CF71BA /* main.m in Sources */,
			);
			runOnlyForDeploymentPostprocessing = 0;
		};
		4605EEA31805033C00CF71BA /* Sources */ = {
			isa = PBXSourcesBuildPhase;
			buildActionMask = 2147483647;
			files = (
				4605EEB51805033C00CF71BA /* blockTestTests.m in Sources */,
			);
			runOnlyForDeploymentPostprocessing = 0;
		};
/* End PBXSourcesBuildPhase section */

/* Begin PBXTargetDependency section */
		4605EEAD1805033C00CF71BA /* PBXTargetDependency */ = {
			isa = PBXTargetDependency;
			target = 4605EE8B1805033C00CF71BA /* blockTest */;
			targetProxy = 4605EEAC1805033C00CF71BA /* PBXContainerItemProxy */;
		};
/* End PBXTargetDependency section */

/* Begin PBXVariantGroup section */
		4605EE981805033C00CF71BA /* InfoPlist.strings */ = {
			isa = PBXVariantGroup;
			children = (
				4605EE991805033C00CF71BA /* en */,
			);
			name = InfoPlist.strings;
			sourceTree = "<group>";
		};
		4605EEB11805033C00CF71BA /* InfoPlist.strings */ = {
			isa = PBXVariantGroup;
			children = (
				4605EEB21805033C00CF71BA /* en */,
			);
			name = InfoPlist.strings;
			sourceTree = "<group>";
		};
/* End PBXVariantGroup section */

/* Begin XCBuildConfiguration section */
		4605EEB61805033C00CF71BA /* Debug */ = {
			isa = XCBuildConfiguration;
			buildSettings = {
				ALWAYS_SEARCH_USER_PATHS = NO;
				ARCHS = "$(ARCHS_STANDARD_INCLUDING_64_BIT)";
				CLANG_CXX_LANGUAGE_STANDARD = "gnu++0x";
				CLANG_CXX_LIBRARY = "libc++";
				CLANG_ENABLE_MODULES = YES;
				CLANG_ENABLE_OBJC_ARC = YES;
				CLANG_WARN_BOOL_CONVERSION = YES;
				CLANG_WARN_CONSTANT_CONVERSION = YES;
				CLANG_WARN_DIRECT_OBJC_ISA_USAGE = YES_ERROR;
				CLANG_WARN_EMPTY_BODY = YES;
				CLANG_WARN_ENUM_CONVERSION = YES;
				CLANG_WARN_INT_CONVERSION = YES;
				CLANG_WARN_OBJC_ROOT_CLASS = YES_ERROR;
				CLANG_WARN__DUPLICATE_METHOD_MATCH = YES;
				"CODE_SIGN_IDENTITY[sdk=iphoneos*]" = "iPhone Developer";
				COPY_PHASE_STRIP = NO;
				GCC_C_LANGUAGE_STANDARD = gnu99;
				GCC_DYNAMIC_NO_PIC = NO;
				GCC_OPTIMIZATION_LEVEL = 0;
				GCC_PREPROCESSOR_DEFINITIONS = (
					"DEBUG=1",
					"$(inherited)",
				);
				GCC_SYMBOLS_PRIVATE_EXTERN = NO;
				GCC_WARN_64_TO_32_BIT_CONVERSION = YES;
				GCC_WARN_ABOUT_RETURN_TYPE = YES_ERROR;
				GCC_WARN_UNDECLARED_SELECTOR = YES;
				GCC_WARN_UNINITIALIZED_AUTOS = YES;
				GCC_WARN_UNUSED_FUNCTION = YES;
				GCC_WARN_UNUSED_VARIABLE = YES;
				IPHONEOS_DEPLOYMENT_TARGET = 7.0;
				ONLY_ACTIVE_ARCH = YES;
				SDKROOT = iphoneos;
			};
			name = Debug;
		};
		4605EEB71805033C00CF71BA /* Release */ = {
			isa = XCBuildConfiguration;
			buildSettings = {
				ALWAYS_SEARCH_USER_PATHS = NO;
				ARCHS = "$(ARCHS_STANDARD_INCLUDING_64_BIT)";
				CLANG_CXX_LANGUAGE_STANDARD = "gnu++0x";
				CLANG_CXX_LIBRARY = "libc++";
				CLANG_ENABLE_MODULES = YES;
				CLANG_ENABLE_OBJC_ARC = YES;
				CLANG_WARN_BOOL_CONVERSION = YES;
				CLANG_WARN_CONSTANT_CONVERSION = YES;
				CLANG_WARN_DIRECT_OBJC_ISA_USAGE = YES_ERROR;
				CLANG_WARN_EMPTY_BODY = YES;
				CLANG_WARN_ENUM_CONVERSION = YES;
				CLANG_WARN_INT_CONVERSION = YES;
				CLANG_WARN_OBJC_ROOT_CLASS = YES_ERROR;
				CLANG_WARN__DUPLICATE_METHOD_MATCH = YES;
				"CODE_SIGN_IDENTITY[sdk=iphoneos*]" = "iPhone Developer";
				COPY_PHASE_STRIP = YES;
				ENABLE_NS_ASSERTIONS = NO;
				GCC_C_LANGUAGE_STANDARD = gnu99;
				GCC_WARN_64_TO_32_BIT_CONVERSION = YES;
				GCC_WARN_ABOUT_RETURN_TYPE = YES_ERROR;
				GCC_WARN_UNDECLARED_SELECTOR = YES;
				GCC_WARN_UNINITIALIZED_AUTOS = YES;
				GCC_WARN_UNUSED_FUNCTION = YES;
				GCC_WARN_UNUSED_VARIABLE = YES;
				IPHONEOS_DEPLOYMENT_TARGET = 7.0;
				SDKROOT = iphoneos;
				VALIDATE_PRODUCT = YES;
			};
			name = Release;
		};
		4605EEB91805033C00CF71BA /* Debug */ = {
			isa = XCBuildConfiguration;
			buildSettings = {
				ASSETCATALOG_COMPILER_APPICON_NAME = AppIcon;
				ASSETCATALOG_COMPILER_LAUNCHIMAGE_NAME = LaunchImage;
				GCC_PRECOMPILE_PREFIX_HEADER = YES;
				GCC_PREFIX_HEADER = "blockTest/blockTest-Prefix.pch";
				INFOPLIST_FILE = "blockTest/blockTest-Info.plist";
				PRODUCT_NAME = "$(TARGET_NAME)";
				WRAPPER_EXTENSION = app;
			};
			name = Debug;
		};
		4605EEBA1805033C00CF71BA /* Release */ = {
			isa = XCBuildConfiguration;
			buildSettings = {
				ASSETCATALOG_COMPILER_APPICON_NAME = AppIcon;
				ASSETCATALOG_COMPILER_LAUNCHIMAGE_NAME = LaunchImage;
				GCC_PRECOMPILE_PREFIX_HEADER = YES;
				GCC_PREFIX_HEADER = "blockTest/blockTest-Prefix.pch";
				INFOPLIST_FILE = "blockTest/blockTest-Info.plist";
				PRODUCT_NAME = "$(TARGET_NAME)";
				WRAPPER_EXTENSION = app;
			};
			name = Release;
		};
		4605EEBC1805033C00CF71BA /* Debug */ = {
			isa = XCBuildConfiguration;
			buildSettings = {
				ARCHS = "$(ARCHS_STANDARD_INCLUDING_64_BIT)";
				BUNDLE_LOADER = "$(BUILT_PRODUCTS_DIR)/blockTest.app/blockTest";
				FRAMEWORK_SEARCH_PATHS = (
					"$(SDKROOT)/Developer/Library/Frameworks",
					"$(inherited)",
					"$(DEVELOPER_FRAMEWORKS_DIR)",
				);
				GCC_PRECOMPILE_PREFIX_HEADER = YES;
				GCC_PREFIX_HEADER = "blockTest/blockTest-Prefix.pch";
				GCC_PREPROCESSOR_DEFINITIONS = (
					"DEBUG=1",
					"$(inherited)",
				);
				INFOPLIST_FILE = "blockTestTests/blockTestTests-Info.plist";
				PRODUCT_NAME = "$(TARGET_NAME)";
				TEST_HOST = "$(BUNDLE_LOADER)";
				WRAPPER_EXTENSION = xctest;
			};
			name = Debug;
		};
		4605EEBD1805033C00CF71BA /* Release */ = {
			isa = XCBuildConfiguration;
			buildSettings = {
				ARCHS = "$(ARCHS_STANDARD_INCLUDING_64_BIT)";
				BUNDLE_LOADER = "$(BUILT_PRODUCTS_DIR)/blockTest.app/blockTest";
				FRAMEWORK_SEARCH_PATHS = (
					"$(SDKROOT)/Developer/Library/Frameworks",
					"$(inherited)",
					"$(DEVELOPER_FRAMEWORKS_DIR)",
				);
				GCC_PRECOMPILE_PREFIX_HEADER = YES;
				GCC_PREFIX_HEADER = "blockTest/blockTest-Prefix.pch";
				INFOPLIST_FILE = "blockTestTests/blockTestTests-Info.plist";
				PRODUCT_NAME = "$(TARGET_NAME)";
				TEST_HOST = "$(BUNDLE_LOADER)";
				WRAPPER_EXTENSION = xctest;
			};
			name = Release;
		};
/* End XCBuildConfiguration section */

/* Begin XCConfigurationList section */
		4605EE871805033C00CF71BA /* Build configuration list for PBXProject "blockTest" */ = {
			isa = XCConfigurationList;
			buildConfigurations = (
				4605EEB61805033C00CF71BA /* Debug */,
				4605EEB71805033C00CF71BA /* Release */,
			);
			defaultConfigurationIsVisible = 0;
			defaultConfigurationName = Release;
		};
		4605EEB81805033C00CF71BA /* Build configuration list for PBXNativeTarget "blockTest" */ = {
			isa = XCConfigurationList;
			buildConfigurations = (
				4605EEB91805033C00CF71BA /* Debug */,
				4605EEBA1805033C00CF71BA /* Release */,
			);
			defaultConfigurationIsVisible = 0;
		};
		4605EEBB1805033C00CF71BA /* Build configuration list for PBXNativeTarget "blockTestTests" */ = {
			isa = XCConfigurationList;
			buildConfigurations = (
				4605EEBC1805033C00CF71BA /* Debug */,
				4605EEBD1805033C00CF71BA /* Release */,
			);
			defaultConfigurationIsVisible = 0;
		};
/* End XCConfigurationList section */
	};
	rootObject = 4605EE841805033C00CF71BA /* Project object */;
}
